
Microsoft Visual Studio Solution File, Format Version 12.00
# Visual Studio Version 17
VisualStudioVersion = 17.1.32421.90
MinimumVisualStudioVersion = 10.0.40219.1
Project("{9A19103F-16F7-4668-BE54-9A1E7A4F7556}") = "ProjetoLojaInformatica", "ProjetoLojaInformatica\ProjetoLojaInformatica.csproj", "{77B30BA2-0DD1-4B51-A713-E8437898C18C}"
EndProject
Project("{9A19103F-16F7-4668-BE54-9A1E7A4F7556}") = "ProjetoLojaInformaticaTeste", "ProjetoLojaInformaticaTeste\ProjetoLojaInformaticaTeste.csproj", "{242640C2-EC69-417F-9434-CD42A05E18EE}"
EndProject
Global
	GlobalSection(SolutionConfigurationPlatforms) = preSolution
		Debug|Any CPU = Debug|Any CPU
		Release|Any CPU = Release|Any CPU
	EndGlobalSection
	GlobalSection(ProjectConfigurationPlatforms) = postSolution
		{77B30BA2-0DD1-4B51-A713-E8437898C18C}.Debug|Any CPU.ActiveCfg = Debug|Any CPU
		{77B30BA2-0DD1-4B51-A713-E8437898C18C}.Debug|Any CPU.Build.0 = Debug|Any CPU
		{77B30BA2-0DD1-4B51-A713-E8437898C18C}.Release|Any CPU.ActiveCfg = Release|Any CPU
		{77B30BA2-0DD1-4B51-A713-E8437898C18C}.Release|Any CPU.Build.0 = Release|Any CPU
		{242640C2-EC69-417F-9434-CD42A05E18EE}.Debug|Any CPU.ActiveCfg = Debug|Any CPU
		{242640C2-EC69-417F-9434-CD42A05E18EE}.Debug|Any CPU.Build.0 = Debug|Any CPU
		{242640C2-EC69-417F-9434-CD42A05E18EE}.Release|Any CPU.ActiveCfg = Release|Any CPU
		{242640C2-EC69-417F-9434-CD42A05E18EE}.Release|Any CPU.Build.0 = Release|Any CPU
	EndGlobalSection
	GlobalSection(SolutionProperties) = preSolution
		HideSolutionNode = FALSE
	EndGlobalSection
	GlobalSection(ExtensibilityGlobals) = postSolution
		SolutionGuid = {BCD4962C-AFBC-4C1D-920E-EA604E33A659}
	EndGlobalSection
EndGlobal
